
Microsoft Visual Studio Solution File, Format Version 12.00
# Visual Studio Version 17
VisualStudioVersion = 17.9.34714.143
MinimumVisualStudioVersion = 10.0.40219.1
Project("{FAE04EC0-301F-11D3-BF4B-00C04F79EFBC}") = "K-meansAlgorithmWebsite.Server", "K-meansAlgorithmWebsite.Server\K-meansAlgorithmWebsite.Server.csproj", "{F6F02585-DB47-4833-9D11-5ADD5A58D2F6}"
EndProject
Project("{54A90642-561A-4BB1-A94E-469ADEE60C69}") = "k-meansalgorithmwebsite.client", "k-meansalgorithmwebsite.client\k-meansalgorithmwebsite.client.esproj", "{71FBF31D-4690-4F39-9082-D11B3BDADB0A}"
EndProject
Global
	GlobalSection(SolutionConfigurationPlatforms) = preSolution
		Debug|Any CPU = Debug|Any CPU
		Release|Any CPU = Release|Any CPU
	EndGlobalSection
	GlobalSection(ProjectConfigurationPlatforms) = postSolution
		{F6F02585-DB47-4833-9D11-5ADD5A58D2F6}.Debug|Any CPU.ActiveCfg = Debug|Any CPU
		{F6F02585-DB47-4833-9D11-5ADD5A58D2F6}.Debug|Any CPU.Build.0 = Debug|Any CPU
		{F6F02585-DB47-4833-9D11-5ADD5A58D2F6}.Release|Any CPU.ActiveCfg = Release|Any CPU
		{F6F02585-DB47-4833-9D11-5ADD5A58D2F6}.Release|Any CPU.Build.0 = Release|Any CPU
		{71FBF31D-4690-4F39-9082-D11B3BDADB0A}.Debug|Any CPU.ActiveCfg = Debug|Any CPU
		{71FBF31D-4690-4F39-9082-D11B3BDADB0A}.Debug|Any CPU.Build.0 = Debug|Any CPU
		{71FBF31D-4690-4F39-9082-D11B3BDADB0A}.Debug|Any CPU.Deploy.0 = Debug|Any CPU
		{71FBF31D-4690-4F39-9082-D11B3BDADB0A}.Release|Any CPU.ActiveCfg = Release|Any CPU
		{71FBF31D-4690-4F39-9082-D11B3BDADB0A}.Release|Any CPU.Build.0 = Release|Any CPU
		{71FBF31D-4690-4F39-9082-D11B3BDADB0A}.Release|Any CPU.Deploy.0 = Release|Any CPU
	EndGlobalSection
	GlobalSection(SolutionProperties) = preSolution
		HideSolutionNode = FALSE
	EndGlobalSection
	GlobalSection(ExtensibilityGlobals) = postSolution
		SolutionGuid = {E16B2DB7-AEBB-4929-928C-8C59A3455CBE}
	EndGlobalSection
EndGlobal
